
Microsoft Visual Studio Solution File, Format Version 12.00
# Visual Studio Version 16
VisualStudioVersion = 16.0.31410.357
MinimumVisualStudioVersion = 10.0.40219.1
Project("{9A19103F-16F7-4668-BE54-9A1E7A4F7556}") = "EmployeeManagement.Models", "EmployeeManagement.Models\EmployeeManagement.Models.csproj", "{5174C25E-8789-4E0E-B69A-B7FF28EEA24B}"
EndProject
Project("{9A19103F-16F7-4668-BE54-9A1E7A4F7556}") = "EmployeeManagement.Web", "EmployeeManagement.Web\EmployeeManagement.Web.csproj", "{438CCC1D-FB38-4A26-B820-89655FDD96FE}"
EndProject
Project("{9A19103F-16F7-4668-BE54-9A1E7A4F7556}") = "EmployeeManagement.Api", "EmployeeManagement.Api\EmployeeManagement.Api.csproj", "{B4F8C5FF-E14A-45FE-9631-2C13950899E7}"
EndProject
Project("{9A19103F-16F7-4668-BE54-9A1E7A4F7556}") = "BlazorTutorial.Components", "BlazorTutorial.Components\BlazorTutorial.Components.csproj", "{09A2F332-25CE-4932-BD18-2F1AED8C224F}"
EndProject
Global
	GlobalSection(SolutionConfigurationPlatforms) = preSolution
		Debug|Any CPU = Debug|Any CPU
		Release|Any CPU = Release|Any CPU
	EndGlobalSection
	GlobalSection(ProjectConfigurationPlatforms) = postSolution
		{5174C25E-8789-4E0E-B69A-B7FF28EEA24B}.Debug|Any CPU.ActiveCfg = Debug|Any CPU
		{5174C25E-8789-4E0E-B69A-B7FF28EEA24B}.Debug|Any CPU.Build.0 = Debug|Any CPU
		{5174C25E-8789-4E0E-B69A-B7FF28EEA24B}.Release|Any CPU.ActiveCfg = Release|Any CPU
		{5174C25E-8789-4E0E-B69A-B7FF28EEA24B}.Release|Any CPU.Build.0 = Release|Any CPU
		{438CCC1D-FB38-4A26-B820-89655FDD96FE}.Debug|Any CPU.ActiveCfg = Debug|Any CPU
		{438CCC1D-FB38-4A26-B820-89655FDD96FE}.Debug|Any CPU.Build.0 = Debug|Any CPU
		{438CCC1D-FB38-4A26-B820-89655FDD96FE}.Release|Any CPU.ActiveCfg = Release|Any CPU
		{438CCC1D-FB38-4A26-B820-89655FDD96FE}.Release|Any CPU.Build.0 = Release|Any CPU
		{B4F8C5FF-E14A-45FE-9631-2C13950899E7}.Debug|Any CPU.ActiveCfg = Debug|Any CPU
		{B4F8C5FF-E14A-45FE-9631-2C13950899E7}.Debug|Any CPU.Build.0 = Debug|Any CPU
		{B4F8C5FF-E14A-45FE-9631-2C13950899E7}.Release|Any CPU.ActiveCfg = Release|Any CPU
		{B4F8C5FF-E14A-45FE-9631-2C13950899E7}.Release|Any CPU.Build.0 = Release|Any CPU
		{09A2F332-25CE-4932-BD18-2F1AED8C224F}.Debug|Any CPU.ActiveCfg = Debug|Any CPU
		{09A2F332-25CE-4932-BD18-2F1AED8C224F}.Debug|Any CPU.Build.0 = Debug|Any CPU
		{09A2F332-25CE-4932-BD18-2F1AED8C224F}.Release|Any CPU.ActiveCfg = Release|Any CPU
		{09A2F332-25CE-4932-BD18-2F1AED8C224F}.Release|Any CPU.Build.0 = Release|Any CPU
	EndGlobalSection
	GlobalSection(SolutionProperties) = preSolution
		HideSolutionNode = FALSE
	EndGlobalSection
	GlobalSection(ExtensibilityGlobals) = postSolution
		SolutionGuid = {3632A206-180F-4686-B1E5-CC70E166D6A0}
	EndGlobalSection
EndGlobal
